
Microsoft Visual Studio Solution File, Format Version 12.00
# Visual Studio Version 16
VisualStudioVersion = 16.0.29209.62
MinimumVisualStudioVersion = 10.0.40219.1
Project("{9A19103F-16F7-4668-BE54-9A1E7A4F7556}") = "WebSocketExample", "WebSocketExample\WebSocketExample.csproj", "{24377734-9237-41C0-9E52-B7DEE53D4FCD}"
EndProject
Project("{9A19103F-16F7-4668-BE54-9A1E7A4F7556}") = "WebSocketWithBroadcasts", "WebSocketWithBroadcasts\WebSocketWithBroadcasts.csproj", "{C36254B5-FD84-45FC-905E-BC85109429E6}"
EndProject
Project("{9A19103F-16F7-4668-BE54-9A1E7A4F7556}") = "WebSocketClient", "WebSocketClient\WebSocketClient.csproj", "{E1433FF6-1082-4E9A-A55D-3C3BA9912996}"
EndProject
Global
	GlobalSection(SolutionConfigurationPlatforms) = preSolution
		Debug|Any CPU = Debug|Any CPU
		Release|Any CPU = Release|Any CPU
	EndGlobalSection
	GlobalSection(ProjectConfigurationPlatforms) = postSolution
		{24377734-9237-41C0-9E52-B7DEE53D4FCD}.Debug|Any CPU.ActiveCfg = Debug|Any CPU
		{24377734-9237-41C0-9E52-B7DEE53D4FCD}.Debug|Any CPU.Build.0 = Debug|Any CPU
		{24377734-9237-41C0-9E52-B7DEE53D4FCD}.Release|Any CPU.ActiveCfg = Release|Any CPU
		{24377734-9237-41C0-9E52-B7DEE53D4FCD}.Release|Any CPU.Build.0 = Release|Any CPU
		{C36254B5-FD84-45FC-905E-BC85109429E6}.Debug|Any CPU.ActiveCfg = Debug|Any CPU
		{C36254B5-FD84-45FC-905E-BC85109429E6}.Debug|Any CPU.Build.0 = Debug|Any CPU
		{C36254B5-FD84-45FC-905E-BC85109429E6}.Release|Any CPU.ActiveCfg = Release|Any CPU
		{C36254B5-FD84-45FC-905E-BC85109429E6}.Release|Any CPU.Build.0 = Release|Any CPU
		{E1433FF6-1082-4E9A-A55D-3C3BA9912996}.Debug|Any CPU.ActiveCfg = Debug|Any CPU
		{E1433FF6-1082-4E9A-A55D-3C3BA9912996}.Debug|Any CPU.Build.0 = Debug|Any CPU
		{E1433FF6-1082-4E9A-A55D-3C3BA9912996}.Release|Any CPU.ActiveCfg = Release|Any CPU
		{E1433FF6-1082-4E9A-A55D-3C3BA9912996}.Release|Any CPU.Build.0 = Release|Any CPU
	EndGlobalSection
	GlobalSection(SolutionProperties) = preSolution
		HideSolutionNode = FALSE
	EndGlobalSection
	GlobalSection(ExtensibilityGlobals) = postSolution
		SolutionGuid = {94C43267-94CD-450A-B31A-D32868EED40A}
	EndGlobalSection
EndGlobal
